
Microsoft Visual Studio Solution File, Format Version 12.00
# Visual Studio Version 16
VisualStudioVersion = 16.0.28922.388
MinimumVisualStudioVersion = 10.0.40219.1
Project("{FAE04EC0-301F-11D3-BF4B-00C04F79EFBC}") = "onesocketserver", "onesocketserver\onesocketserver.csproj", "{757EE601-53C6-4BA3-B78B-D676E1242A71}"
EndProject
Project("{FAE04EC0-301F-11D3-BF4B-00C04F79EFBC}") = "SkKit", "SkKit\SkKit.csproj", "{C1BB0FA9-AB75-4898-A203-C10AEE9998F4}"
EndProject
Global
	GlobalSection(SolutionConfigurationPlatforms) = preSolution
		Debug|Any CPU = Debug|Any CPU
		Release|Any CPU = Release|Any CPU
	EndGlobalSection
	GlobalSection(ProjectConfigurationPlatforms) = postSolution
		{757EE601-53C6-4BA3-B78B-D676E1242A71}.Debug|Any CPU.ActiveCfg = Debug|Any CPU
		{757EE601-53C6-4BA3-B78B-D676E1242A71}.Debug|Any CPU.Build.0 = Debug|Any CPU
		{757EE601-53C6-4BA3-B78B-D676E1242A71}.Release|Any CPU.ActiveCfg = Release|Any CPU
		{757EE601-53C6-4BA3-B78B-D676E1242A71}.Release|Any CPU.Build.0 = Release|Any CPU
		{C1BB0FA9-AB75-4898-A203-C10AEE9998F4}.Debug|Any CPU.ActiveCfg = Debug|Any CPU
		{C1BB0FA9-AB75-4898-A203-C10AEE9998F4}.Debug|Any CPU.Build.0 = Debug|Any CPU
		{C1BB0FA9-AB75-4898-A203-C10AEE9998F4}.Release|Any CPU.ActiveCfg = Release|Any CPU
		{C1BB0FA9-AB75-4898-A203-C10AEE9998F4}.Release|Any CPU.Build.0 = Release|Any CPU
	EndGlobalSection
	GlobalSection(SolutionProperties) = preSolution
		HideSolutionNode = FALSE
	EndGlobalSection
	GlobalSection(ExtensibilityGlobals) = postSolution
		SolutionGuid = {EBC4C6D2-FB53-4379-A030-08A0078841D5}
	EndGlobalSection
EndGlobal
