
Microsoft Visual Studio Solution File, Format Version 12.00
# Visual Studio Version 16
VisualStudioVersion = 16.0.28922.388
MinimumVisualStudioVersion = 10.0.40219.1
Project("{FAE04EC0-301F-11D3-BF4B-00C04F79EFBC}") = "SkKit", "SkKit\SkKit.csproj", "{A9EA5629-81B8-46F9-B752-70E3FBEA6A23}"
EndProject
Project("{FAE04EC0-301F-11D3-BF4B-00C04F79EFBC}") = "SocketServer", "SocketServer\SocketServer.csproj", "{10565A16-A1D8-4459-A46D-B87D36AD5085}"
EndProject
Project("{FAE04EC0-301F-11D3-BF4B-00C04F79EFBC}") = "OpcServer", "OpcServer\OpcServer.csproj", "{854A359B-4023-476C-9C0C-C9D60EE2BA63}"
EndProject
Project("{FAE04EC0-301F-11D3-BF4B-00C04F79EFBC}") = "KJtest", "KJtest\KJtest.csproj", "{0C2A062D-FC95-476B-B437-8B7D40BA5261}"
EndProject
Project("{FAE04EC0-301F-11D3-BF4B-00C04F79EFBC}") = "taos-db", "taos-db\taos-db.csproj", "{FD4C7960-2DBE-4760-8E5E-1B766965BCCB}"
EndProject
Global
	GlobalSection(SolutionConfigurationPlatforms) = preSolution
		Debug|Any CPU = Debug|Any CPU
		Debug|x86 = Debug|x86
		Release|Any CPU = Release|Any CPU
		Release|x86 = Release|x86
	EndGlobalSection
	GlobalSection(ProjectConfigurationPlatforms) = postSolution
		{A9EA5629-81B8-46F9-B752-70E3FBEA6A23}.Debug|Any CPU.ActiveCfg = Debug|x86
		{A9EA5629-81B8-46F9-B752-70E3FBEA6A23}.Debug|Any CPU.Build.0 = Debug|x86
		{A9EA5629-81B8-46F9-B752-70E3FBEA6A23}.Debug|x86.ActiveCfg = Debug|x86
		{A9EA5629-81B8-46F9-B752-70E3FBEA6A23}.Debug|x86.Build.0 = Debug|x86
		{A9EA5629-81B8-46F9-B752-70E3FBEA6A23}.Release|Any CPU.ActiveCfg = Release|Any CPU
		{A9EA5629-81B8-46F9-B752-70E3FBEA6A23}.Release|Any CPU.Build.0 = Release|Any CPU
		{A9EA5629-81B8-46F9-B752-70E3FBEA6A23}.Release|x86.ActiveCfg = Release|x86
		{A9EA5629-81B8-46F9-B752-70E3FBEA6A23}.Release|x86.Build.0 = Release|x86
		{10565A16-A1D8-4459-A46D-B87D36AD5085}.Debug|Any CPU.ActiveCfg = Debug|x86
		{10565A16-A1D8-4459-A46D-B87D36AD5085}.Debug|Any CPU.Build.0 = Debug|x86
		{10565A16-A1D8-4459-A46D-B87D36AD5085}.Debug|x86.ActiveCfg = Debug|x86
		{10565A16-A1D8-4459-A46D-B87D36AD5085}.Debug|x86.Build.0 = Debug|x86
		{10565A16-A1D8-4459-A46D-B87D36AD5085}.Release|Any CPU.ActiveCfg = Release|Any CPU
		{10565A16-A1D8-4459-A46D-B87D36AD5085}.Release|Any CPU.Build.0 = Release|Any CPU
		{10565A16-A1D8-4459-A46D-B87D36AD5085}.Release|x86.ActiveCfg = Release|x86
		{10565A16-A1D8-4459-A46D-B87D36AD5085}.Release|x86.Build.0 = Release|x86
		{854A359B-4023-476C-9C0C-C9D60EE2BA63}.Debug|Any CPU.ActiveCfg = Debug|x86
		{854A359B-4023-476C-9C0C-C9D60EE2BA63}.Debug|Any CPU.Build.0 = Debug|x86
		{854A359B-4023-476C-9C0C-C9D60EE2BA63}.Debug|x86.ActiveCfg = Debug|x86
		{854A359B-4023-476C-9C0C-C9D60EE2BA63}.Debug|x86.Build.0 = Debug|x86
		{854A359B-4023-476C-9C0C-C9D60EE2BA63}.Release|Any CPU.ActiveCfg = Release|Any CPU
		{854A359B-4023-476C-9C0C-C9D60EE2BA63}.Release|Any CPU.Build.0 = Release|Any CPU
		{854A359B-4023-476C-9C0C-C9D60EE2BA63}.Release|x86.ActiveCfg = Release|x86
		{854A359B-4023-476C-9C0C-C9D60EE2BA63}.Release|x86.Build.0 = Release|x86
		{0C2A062D-FC95-476B-B437-8B7D40BA5261}.Debug|Any CPU.ActiveCfg = Debug|Any CPU
		{0C2A062D-FC95-476B-B437-8B7D40BA5261}.Debug|Any CPU.Build.0 = Debug|Any CPU
		{0C2A062D-FC95-476B-B437-8B7D40BA5261}.Debug|x86.ActiveCfg = Debug|Any CPU
		{0C2A062D-FC95-476B-B437-8B7D40BA5261}.Debug|x86.Build.0 = Debug|Any CPU
		{0C2A062D-FC95-476B-B437-8B7D40BA5261}.Release|Any CPU.ActiveCfg = Release|Any CPU
		{0C2A062D-FC95-476B-B437-8B7D40BA5261}.Release|Any CPU.Build.0 = Release|Any CPU
		{0C2A062D-FC95-476B-B437-8B7D40BA5261}.Release|x86.ActiveCfg = Release|Any CPU
		{0C2A062D-FC95-476B-B437-8B7D40BA5261}.Release|x86.Build.0 = Release|Any CPU
		{FD4C7960-2DBE-4760-8E5E-1B766965BCCB}.Debug|Any CPU.ActiveCfg = Debug|Any CPU
		{FD4C7960-2DBE-4760-8E5E-1B766965BCCB}.Debug|Any CPU.Build.0 = Debug|Any CPU
		{FD4C7960-2DBE-4760-8E5E-1B766965BCCB}.Debug|x86.ActiveCfg = Debug|Any CPU
		{FD4C7960-2DBE-4760-8E5E-1B766965BCCB}.Debug|x86.Build.0 = Debug|Any CPU
		{FD4C7960-2DBE-4760-8E5E-1B766965BCCB}.Release|Any CPU.ActiveCfg = Release|Any CPU
		{FD4C7960-2DBE-4760-8E5E-1B766965BCCB}.Release|Any CPU.Build.0 = Release|Any CPU
		{FD4C7960-2DBE-4760-8E5E-1B766965BCCB}.Release|x86.ActiveCfg = Release|Any CPU
		{FD4C7960-2DBE-4760-8E5E-1B766965BCCB}.Release|x86.Build.0 = Release|Any CPU
	EndGlobalSection
	GlobalSection(SolutionProperties) = preSolution
		HideSolutionNode = FALSE
	EndGlobalSection
	GlobalSection(ExtensibilityGlobals) = postSolution
		SolutionGuid = {EBC4C6D2-FB53-4379-A030-08A0078841D5}
	EndGlobalSection
EndGlobal
